// !$*UTF8*$!
{
	archiveVersion = 1;
	classes = {
	};
	objectVersion = 56;
	objects = {

/* Begin PBXBuildFile section */
		150764A9291289DB00B81516 /* Simple_NBAApp.swift in Sources */ = {isa = PBXBuildFile; fileRef = 150764A8291289DB00B81516 /* Simple_NBAApp.swift */; };
		150764AB291289DB00B81516 /* ScoreboardView.swift in Sources */ = {isa = PBXBuildFile; fileRef = 150764AA291289DB00B81516 /* ScoreboardView.swift */; };
		150764AD291289DF00B81516 /* Assets.xcassets in Resources */ = {isa = PBXBuildFile; fileRef = 150764AC291289DF00B81516 /* Assets.xcassets */; };
		150764B0291289DF00B81516 /* Preview Assets.xcassets in Resources */ = {isa = PBXBuildFile; fileRef = 150764AF291289DF00B81516 /* Preview Assets.xcassets */; };
		150764BA291289E000B81516 /* Simple_NBATests.swift in Sources */ = {isa = PBXBuildFile; fileRef = 150764B9291289E000B81516 /* Simple_NBATests.swift */; };
		150764C4291289E000B81516 /* Simple_NBAUITests.swift in Sources */ = {isa = PBXBuildFile; fileRef = 150764C3291289E000B81516 /* Simple_NBAUITests.swift */; };
		150764C6291289E000B81516 /* Simple_NBAUITestsLaunchTests.swift in Sources */ = {isa = PBXBuildFile; fileRef = 150764C5291289E000B81516 /* Simple_NBAUITestsLaunchTests.swift */; };
		150764D329128A0E00B81516 /* ScoreboardModel.swift in Sources */ = {isa = PBXBuildFile; fileRef = 150764D229128A0E00B81516 /* ScoreboardModel.swift */; };
		150764D529128B2D00B81516 /* scoreboardV2.json in Resources */ = {isa = PBXBuildFile; fileRef = 150764D429128B2C00B81516 /* scoreboardV2.json */; };
		150764D72912972A00B81516 /* ScoreboardV2Model.swift in Sources */ = {isa = PBXBuildFile; fileRef = 150764D62912972A00B81516 /* ScoreboardV2Model.swift */; };
		1508D56D29618DCC00DFA783 /* ScorePlayByPlayView.swift in Sources */ = {isa = PBXBuildFile; fileRef = 1508D56C29618DCB00DFA783 /* ScorePlayByPlayView.swift */; };
		151D9B3A2927FDD20006A849 /* live_todayscoreboard_small.json in Resources */ = {isa = PBXBuildFile; fileRef = 151D9B392927FDD20006A849 /* live_todayscoreboard_small.json */; };
		15345E422955986C000A30B3 /* ScoreboardV3View.swift in Sources */ = {isa = PBXBuildFile; fileRef = 15345E412955986C000A30B3 /* ScoreboardV3View.swift */; };
		15345E44295598D0000A30B3 /* GameListItemView.swift in Sources */ = {isa = PBXBuildFile; fileRef = 15345E43295598D0000A30B3 /* GameListItemView.swift */; };
		15551B46292A1261007A9898 /* ScoreboardV2View.swift in Sources */ = {isa = PBXBuildFile; fileRef = 15551B45292A1261007A9898 /* ScoreboardV2View.swift */; };
		15551B49292D5E3F007A9898 /* GameDetailsView.swift in Sources */ = {isa = PBXBuildFile; fileRef = 15551B48292D5E3F007A9898 /* GameDetailsView.swift */; };
		1571F9AC29854F4D00AF787E /* StandingsModel.swift in Sources */ = {isa = PBXBuildFile; fileRef = 1571F9AB29854F4D00AF787E /* StandingsModel.swift */; };
		157E512A29321671007BD3B9 /* SwiftUIPager in Frameworks */ = {isa = PBXBuildFile; productRef = 157E512929321671007BD3B9 /* SwiftUIPager */; };
		157E512C29321740007BD3B9 /* TestInfiniteView.swift in Sources */ = {isa = PBXBuildFile; fileRef = 157E512B29321740007BD3B9 /* TestInfiniteView.swift */; };
		157E512E29334E58007BD3B9 /* AppMainView.swift in Sources */ = {isa = PBXBuildFile; fileRef = 157E512D29334E58007BD3B9 /* AppMainView.swift */; };
		159513A029392ED300C5C44B /* Colors.xcassets in Resources */ = {isa = PBXBuildFile; fileRef = 1595139F29392ED300C5C44B /* Colors.xcassets */; };
		159513A3293A7B6400C5C44B /* StandingsView.swift in Sources */ = {isa = PBXBuildFile; fileRef = 159513A2293A7B6400C5C44B /* StandingsView.swift */; };
		15960B7B2917D17100D4034E /* live_todayscoreboard.json in Resources */ = {isa = PBXBuildFile; fileRef = 15960B7A2917D17100D4034E /* live_todayscoreboard.json */; };
		15960B7D291D657A00D4034E /* BoxscoreModel.swift in Sources */ = {isa = PBXBuildFile; fileRef = 15960B7C291D657900D4034E /* BoxscoreModel.swift */; };
		15960B7F291D65A100D4034E /* boxscore.json in Resources */ = {isa = PBXBuildFile; fileRef = 15960B7E291D65A000D4034E /* boxscore.json */; };
		15CC950A296B3252009D17F0 /* ColorTeams.xcassets in Resources */ = {isa = PBXBuildFile; fileRef = 15CC9509296B3252009D17F0 /* ColorTeams.xcassets */; };
		15CCC5812943A577007E025E /* DemoChartsView.swift in Sources */ = {isa = PBXBuildFile; fileRef = 15CCC5802943A577007E025E /* DemoChartsView.swift */; };
		15CCF1BD291D79FE00A63095 /* BoxscoreView.swift in Sources */ = {isa = PBXBuildFile; fileRef = 15CCF1BC291D79FE00A63095 /* BoxscoreView.swift */; };
		15CF31D5295E0A130065072C /* ScoreGraphView.swift in Sources */ = {isa = PBXBuildFile; fileRef = 15CF31D4295E0A120065072C /* ScoreGraphView.swift */; };
		15E94B08293FB494002CE524 /* PlayByPlayModel.swift in Sources */ = {isa = PBXBuildFile; fileRef = 15E94B07293FB494002CE524 /* PlayByPlayModel.swift */; };
/* End PBXBuildFile section */

/* Begin PBXContainerItemProxy section */
		150764B6291289E000B81516 /* PBXContainerItemProxy */ = {
			isa = PBXContainerItemProxy;
			containerPortal = 1507649D291289DA00B81516 /* Project object */;
			proxyType = 1;
			remoteGlobalIDString = 150764A4291289DB00B81516;
			remoteInfo = "Simple NBA";
		};
		150764C0291289E000B81516 /* PBXContainerItemProxy */ = {
			isa = PBXContainerItemProxy;
			containerPortal = 1507649D291289DA00B81516 /* Project object */;
			proxyType = 1;
			remoteGlobalIDString = 150764A4291289DB00B81516;
			remoteInfo = "Simple NBA";
		};
/* End PBXContainerItemProxy section */

/* Begin PBXFileReference section */
		150764A5291289DB00B81516 /* Simple NBA.app */ = {isa = PBXFileReference; explicitFileType = wrapper.application; includeInIndex = 0; path = "Simple NBA.app"; sourceTree = BUILT_PRODUCTS_DIR; };
		150764A8291289DB00B81516 /* Simple_NBAApp.swift */ = {isa = PBXFileReference; lastKnownFileType = sourcecode.swift; path = Simple_NBAApp.swift; sourceTree = "<group>"; };
		150764AA291289DB00B81516 /* ScoreboardView.swift */ = {isa = PBXFileReference; lastKnownFileType = sourcecode.swift; path = ScoreboardView.swift; sourceTree = "<group>"; };
		150764AC291289DF00B81516 /* Assets.xcassets */ = {isa = PBXFileReference; lastKnownFileType = folder.assetcatalog; path = Assets.xcassets; sourceTree = "<group>"; };
		150764AF291289DF00B81516 /* Preview Assets.xcassets */ = {isa = PBXFileReference; lastKnownFileType = folder.assetcatalog; path = "Preview Assets.xcassets"; sourceTree = "<group>"; };
		150764B5291289E000B81516 /* Simple NBATests.xctest */ = {isa = PBXFileReference; explicitFileType = wrapper.cfbundle; includeInIndex = 0; path = "Simple NBATests.xctest"; sourceTree = BUILT_PRODUCTS_DIR; };
		150764B9291289E000B81516 /* Simple_NBATests.swift */ = {isa = PBXFileReference; lastKnownFileType = sourcecode.swift; path = Simple_NBATests.swift; sourceTree = "<group>"; };
		150764BF291289E000B81516 /* Simple NBAUITests.xctest */ = {isa = PBXFileReference; explicitFileType = wrapper.cfbundle; includeInIndex = 0; path = "Simple NBAUITests.xctest"; sourceTree = BUILT_PRODUCTS_DIR; };
		150764C3291289E000B81516 /* Simple_NBAUITests.swift */ = {isa = PBXFileReference; lastKnownFileType = sourcecode.swift; path = Simple_NBAUITests.swift; sourceTree = "<group>"; };
		150764C5291289E000B81516 /* Simple_NBAUITestsLaunchTests.swift */ = {isa = PBXFileReference; lastKnownFileType = sourcecode.swift; path = Simple_NBAUITestsLaunchTests.swift; sourceTree = "<group>"; };
		150764D229128A0E00B81516 /* ScoreboardModel.swift */ = {isa = PBXFileReference; lastKnownFileType = sourcecode.swift; path = ScoreboardModel.swift; sourceTree = "<group>"; };
		150764D429128B2C00B81516 /* scoreboardV2.json */ = {isa = PBXFileReference; fileEncoding = 4; lastKnownFileType = text.json; name = scoreboardV2.json; path = "Simple NBA/Data/scoreboardV2.json"; sourceTree = SOURCE_ROOT; };
		150764D62912972A00B81516 /* ScoreboardV2Model.swift */ = {isa = PBXFileReference; lastKnownFileType = sourcecode.swift; path = ScoreboardV2Model.swift; sourceTree = "<group>"; };
		1508D56C29618DCB00DFA783 /* ScorePlayByPlayView.swift */ = {isa = PBXFileReference; lastKnownFileType = sourcecode.swift; path = ScorePlayByPlayView.swift; sourceTree = "<group>"; };
		151D9B392927FDD20006A849 /* live_todayscoreboard_small.json */ = {isa = PBXFileReference; lastKnownFileType = text.json; path = live_todayscoreboard_small.json; sourceTree = "<group>"; };
		15345E412955986C000A30B3 /* ScoreboardV3View.swift */ = {isa = PBXFileReference; lastKnownFileType = sourcecode.swift; path = ScoreboardV3View.swift; sourceTree = "<group>"; };
		15345E43295598D0000A30B3 /* GameListItemView.swift */ = {isa = PBXFileReference; lastKnownFileType = sourcecode.swift; path = GameListItemView.swift; sourceTree = "<group>"; };
		15551B45292A1261007A9898 /* ScoreboardV2View.swift */ = {isa = PBXFileReference; lastKnownFileType = sourcecode.swift; path = ScoreboardV2View.swift; sourceTree = "<group>"; };
		15551B48292D5E3F007A9898 /* GameDetailsView.swift */ = {isa = PBXFileReference; lastKnownFileType = sourcecode.swift; path = GameDetailsView.swift; sourceTree = "<group>"; };
		1571F9AB29854F4D00AF787E /* StandingsModel.swift */ = {isa = PBXFileReference; lastKnownFileType = sourcecode.swift; path = StandingsModel.swift; sourceTree = "<group>"; };
		1571F9AD29854F9E00AF787E /* standingsv3.json */ = {isa = PBXFileReference; lastKnownFileType = text.json; path = standingsv3.json; sourceTree = "<group>"; };
		157E512B29321740007BD3B9 /* TestInfiniteView.swift */ = {isa = PBXFileReference; lastKnownFileType = sourcecode.swift; path = TestInfiniteView.swift; sourceTree = "<group>"; };
		157E512D29334E58007BD3B9 /* AppMainView.swift */ = {isa = PBXFileReference; lastKnownFileType = sourcecode.swift; path = AppMainView.swift; sourceTree = "<group>"; };
		1595139F29392ED300C5C44B /* Colors.xcassets */ = {isa = PBXFileReference; lastKnownFileType = folder.assetcatalog; path = Colors.xcassets; sourceTree = "<group>"; };
		159513A2293A7B6400C5C44B /* StandingsView.swift */ = {isa = PBXFileReference; lastKnownFileType = sourcecode.swift; path = StandingsView.swift; sourceTree = "<group>"; };
		15960B7A2917D17100D4034E /* live_todayscoreboard.json */ = {isa = PBXFileReference; lastKnownFileType = text.json; path = live_todayscoreboard.json; sourceTree = "<group>"; };
		15960B7C291D657900D4034E /* BoxscoreModel.swift */ = {isa = PBXFileReference; lastKnownFileType = sourcecode.swift; path = BoxscoreModel.swift; sourceTree = "<group>"; };
		15960B7E291D65A000D4034E /* boxscore.json */ = {isa = PBXFileReference; lastKnownFileType = text.json; path = boxscore.json; sourceTree = "<group>"; };
		15CC9509296B3252009D17F0 /* ColorTeams.xcassets */ = {isa = PBXFileReference; lastKnownFileType = folder.assetcatalog; path = ColorTeams.xcassets; sourceTree = "<group>"; };
		15CCC5802943A577007E025E /* DemoChartsView.swift */ = {isa = PBXFileReference; lastKnownFileType = sourcecode.swift; path = DemoChartsView.swift; sourceTree = "<group>"; };
		15CCF1BC291D79FE00A63095 /* BoxscoreView.swift */ = {isa = PBXFileReference; lastKnownFileType = sourcecode.swift; path = BoxscoreView.swift; sourceTree = "<group>"; };
		15CF31D4295E0A120065072C /* ScoreGraphView.swift */ = {isa = PBXFileReference; lastKnownFileType = sourcecode.swift; path = ScoreGraphView.swift; sourceTree = "<group>"; };
		15E94B07293FB494002CE524 /* PlayByPlayModel.swift */ = {isa = PBXFileReference; lastKnownFileType = sourcecode.swift; path = PlayByPlayModel.swift; sourceTree = "<group>"; };
		15E94B09293FB50E002CE524 /* playbyplay.json */ = {isa = PBXFileReference; lastKnownFileType = text.json; path = playbyplay.json; sourceTree = "<group>"; };
/* End PBXFileReference section */

/* Begin PBXFrameworksBuildPhase section */
		150764A2291289DB00B81516 /* Frameworks */ = {
			isa = PBXFrameworksBuildPhase;
			buildActionMask = 2147483647;
			files = (
				157E512A29321671007BD3B9 /* SwiftUIPager in Frameworks */,
			);
			runOnlyForDeploymentPostprocessing = 0;
		};
		150764B2291289E000B81516 /* Frameworks */ = {
			isa = PBXFrameworksBuildPhase;
			buildActionMask = 2147483647;
			files = (
			);
			runOnlyForDeploymentPostprocessing = 0;
		};
		150764BC291289E000B81516 /* Frameworks */ = {
			isa = PBXFrameworksBuildPhase;
			buildActionMask = 2147483647;
			files = (
			);
			runOnlyForDeploymentPostprocessing = 0;
		};
/* End PBXFrameworksBuildPhase section */

/* Begin PBXGroup section */
		1507649C291289DA00B81516 = {
			isa = PBXGroup;
			children = (
				150764A7291289DB00B81516 /* Simple NBA */,
				150764B8291289E000B81516 /* Simple NBATests */,
				150764C2291289E000B81516 /* Simple NBAUITests */,
				150764A6291289DB00B81516 /* Products */,
			);
			sourceTree = "<group>";
		};
		150764A6291289DB00B81516 /* Products */ = {
			isa = PBXGroup;
			children = (
				150764A5291289DB00B81516 /* Simple NBA.app */,
				150764B5291289E000B81516 /* Simple NBATests.xctest */,
				150764BF291289E000B81516 /* Simple NBAUITests.xctest */,
			);
			name = Products;
			sourceTree = "<group>";
		};
		150764A7291289DB00B81516 /* Simple NBA */ = {
			isa = PBXGroup;
			children = (
				150764A8291289DB00B81516 /* Simple_NBAApp.swift */,
				15551B47292A126D007A9898 /* Views */,
				15551B44292A0EDD007A9898 /* Models */,
				159513A12939315600C5C44B /* Data */,
				150764AC291289DF00B81516 /* Assets.xcassets */,
				1595139F29392ED300C5C44B /* Colors.xcassets */,
				15CC9509296B3252009D17F0 /* ColorTeams.xcassets */,
				150764AE291289DF00B81516 /* Preview Content */,
			);
			path = "Simple NBA";
			sourceTree = "<group>";
		};
		150764AE291289DF00B81516 /* Preview Content */ = {
			isa = PBXGroup;
			children = (
				150764AF291289DF00B81516 /* Preview Assets.xcassets */,
			);
			path = "Preview Content";
			sourceTree = "<group>";
		};
		150764B8291289E000B81516 /* Simple NBATests */ = {
			isa = PBXGroup;
			children = (
				150764B9291289E000B81516 /* Simple_NBATests.swift */,
			);
			path = "Simple NBATests";
			sourceTree = "<group>";
		};
		150764C2291289E000B81516 /* Simple NBAUITests */ = {
			isa = PBXGroup;
			children = (
				150764C3291289E000B81516 /* Simple_NBAUITests.swift */,
				150764C5291289E000B81516 /* Simple_NBAUITestsLaunchTests.swift */,
			);
			path = "Simple NBAUITests";
			sourceTree = "<group>";
		};
		15551B44292A0EDD007A9898 /* Models */ = {
			isa = PBXGroup;
			children = (
				15960B7C291D657900D4034E /* BoxscoreModel.swift */,
				150764D229128A0E00B81516 /* ScoreboardModel.swift */,
				150764D62912972A00B81516 /* ScoreboardV2Model.swift */,
				15E94B07293FB494002CE524 /* PlayByPlayModel.swift */,
				1571F9AB29854F4D00AF787E /* StandingsModel.swift */,
			);
			path = Models;
			sourceTree = "<group>";
		};
		15551B47292A126D007A9898 /* Views */ = {
			isa = PBXGroup;
			children = (
				157E512D29334E58007BD3B9 /* AppMainView.swift */,
				15345E412955986C000A30B3 /* ScoreboardV3View.swift */,
				15551B45292A1261007A9898 /* ScoreboardV2View.swift */,
				150764AA291289DB00B81516 /* ScoreboardView.swift */,
				15345E43295598D0000A30B3 /* GameListItemView.swift */,
				15CCF1BC291D79FE00A63095 /* BoxscoreView.swift */,
				15551B48292D5E3F007A9898 /* GameDetailsView.swift */,
				157E512B29321740007BD3B9 /* TestInfiniteView.swift */,
				159513A2293A7B6400C5C44B /* StandingsView.swift */,
				15CCC5802943A577007E025E /* DemoChartsView.swift */,
				15CF31D4295E0A120065072C /* ScoreGraphView.swift */,
				1508D56C29618DCB00DFA783 /* ScorePlayByPlayView.swift */,
			);
			path = Views;
			sourceTree = "<group>";
		};
		159513A12939315600C5C44B /* Data */ = {
			isa = PBXGroup;
			children = (
				15960B7E291D65A000D4034E /* boxscore.json */,
				151D9B392927FDD20006A849 /* live_todayscoreboard_small.json */,
				15960B7A2917D17100D4034E /* live_todayscoreboard.json */,
				150764D429128B2C00B81516 /* scoreboardV2.json */,
				15E94B09293FB50E002CE524 /* playbyplay.json */,
				1571F9AD29854F9E00AF787E /* standingsv3.json */,
			);
			path = Data;
			sourceTree = "<group>";
		};
/* End PBXGroup section */

/* Begin PBXNativeTarget section */
		150764A4291289DB00B81516 /* Simple NBA */ = {
			isa = PBXNativeTarget;
			buildConfigurationList = 150764C9291289E000B81516 /* Build configuration list for PBXNativeTarget "Simple NBA" */;
			buildPhases = (
				150764A1291289DB00B81516 /* Sources */,
				150764A2291289DB00B81516 /* Frameworks */,
				150764A3291289DB00B81516 /* Resources */,
			);
			buildRules = (
			);
			dependencies = (
			);
			name = "Simple NBA";
			packageProductDependencies = (
				157E512929321671007BD3B9 /* SwiftUIPager */,
			);
			productName = "Simple NBA";
			productReference = 150764A5291289DB00B81516 /* Simple NBA.app */;
			productType = "com.apple.product-type.application";
		};
		150764B4291289E000B81516 /* Simple NBATests */ = {
			isa = PBXNativeTarget;
			buildConfigurationList = 150764CC291289E000B81516 /* Build configuration list for PBXNativeTarget "Simple NBATests" */;
			buildPhases = (
				150764B1291289E000B81516 /* Sources */,
				150764B2291289E000B81516 /* Frameworks */,
				150764B3291289E000B81516 /* Resources */,
			);
			buildRules = (
			);
			dependencies = (
				150764B7291289E000B81516 /* PBXTargetDependency */,
			);
			name = "Simple NBATests";
			productName = "Simple NBATests";
			productReference = 150764B5291289E000B81516 /* Simple NBATests.xctest */;
			productType = "com.apple.product-type.bundle.unit-test";
		};
		150764BE291289E000B81516 /* Simple NBAUITests */ = {
			isa = PBXNativeTarget;
			buildConfigurationList = 150764CF291289E000B81516 /* Build configuration list for PBXNativeTarget "Simple NBAUITests" */;
			buildPhases = (
				150764BB291289E000B81516 /* Sources */,
				150764BC291289E000B81516 /* Frameworks */,
				150764BD291289E000B81516 /* Resources */,
			);
			buildRules = (
			);
			dependencies = (
				150764C1291289E000B81516 /* PBXTargetDependency */,
			);
			name = "Simple NBAUITests";
			productName = "Simple NBAUITests";
			productReference = 150764BF291289E000B81516 /* Simple NBAUITests.xctest */;
			productType = "com.apple.product-type.bundle.ui-testing";
		};
/* End PBXNativeTarget section */

/* Begin PBXProject section */
		1507649D291289DA00B81516 /* Project object */ = {
			isa = PBXProject;
			attributes = {
				BuildIndependentTargetsInParallel = 1;
				LastSwiftUpdateCheck = 1400;
				LastUpgradeCheck = 1400;
				TargetAttributes = {
					150764A4291289DB00B81516 = {
						CreatedOnToolsVersion = 14.0;
					};
					150764B4291289E000B81516 = {
						CreatedOnToolsVersion = 14.0;
						TestTargetID = 150764A4291289DB00B81516;
					};
					150764BE291289E000B81516 = {
						CreatedOnToolsVersion = 14.0;
						TestTargetID = 150764A4291289DB00B81516;
					};
				};
			};
			buildConfigurationList = 150764A0291289DA00B81516 /* Build configuration list for PBXProject "Simple NBA" */;
			compatibilityVersion = "Xcode 14.0";
			developmentRegion = en;
			hasScannedForEncodings = 0;
			knownRegions = (
				en,
				Base,
			);
			mainGroup = 1507649C291289DA00B81516;
			packageReferences = (
				157E512829321671007BD3B9 /* XCRemoteSwiftPackageReference "SwiftUIPager" */,
			);
			productRefGroup = 150764A6291289DB00B81516 /* Products */;
			projectDirPath = "";
			projectRoot = "";
			targets = (
				150764A4291289DB00B81516 /* Simple NBA */,
				150764B4291289E000B81516 /* Simple NBATests */,
				150764BE291289E000B81516 /* Simple NBAUITests */,
			);
		};
/* End PBXProject section */

/* Begin PBXResourcesBuildPhase section */
		150764A3291289DB00B81516 /* Resources */ = {
			isa = PBXResourcesBuildPhase;
			buildActionMask = 2147483647;
			files = (
				15CC950A296B3252009D17F0 /* ColorTeams.xcassets in Resources */,
				150764B0291289DF00B81516 /* Preview Assets.xcassets in Resources */,
				15960B7B2917D17100D4034E /* live_todayscoreboard.json in Resources */,
				15960B7F291D65A100D4034E /* boxscore.json in Resources */,
				150764AD291289DF00B81516 /* Assets.xcassets in Resources */,
				151D9B3A2927FDD20006A849 /* live_todayscoreboard_small.json in Resources */,
				150764D529128B2D00B81516 /* scoreboardV2.json in Resources */,
				159513A029392ED300C5C44B /* Colors.xcassets in Resources */,
			);
			runOnlyForDeploymentPostprocessing = 0;
		};
		150764B3291289E000B81516 /* Resources */ = {
			isa = PBXResourcesBuildPhase;
			buildActionMask = 2147483647;
			files = (
			);
			runOnlyForDeploymentPostprocessing = 0;
		};
		150764BD291289E000B81516 /* Resources */ = {
			isa = PBXResourcesBuildPhase;
			buildActionMask = 2147483647;
			files = (
			);
			runOnlyForDeploymentPostprocessing = 0;
		};
/* End PBXResourcesBuildPhase section */

/* Begin PBXSourcesBuildPhase section */
		150764A1291289DB00B81516 /* Sources */ = {
			isa = PBXSourcesBuildPhase;
			buildActionMask = 2147483647;
			files = (
				1508D56D29618DCC00DFA783 /* ScorePlayByPlayView.swift in Sources */,
				15E94B08293FB494002CE524 /* PlayByPlayModel.swift in Sources */,
				15345E44295598D0000A30B3 /* GameListItemView.swift in Sources */,
				15CCC5812943A577007E025E /* DemoChartsView.swift in Sources */,
				150764D329128A0E00B81516 /* ScoreboardModel.swift in Sources */,
				15960B7D291D657A00D4034E /* BoxscoreModel.swift in Sources */,
				15345E422955986C000A30B3 /* ScoreboardV3View.swift in Sources */,
				1571F9AC29854F4D00AF787E /* StandingsModel.swift in Sources */,
				157E512E29334E58007BD3B9 /* AppMainView.swift in Sources */,
				150764D72912972A00B81516 /* ScoreboardV2Model.swift in Sources */,
				15551B46292A1261007A9898 /* ScoreboardV2View.swift in Sources */,
				15CCF1BD291D79FE00A63095 /* BoxscoreView.swift in Sources */,
				157E512C29321740007BD3B9 /* TestInfiniteView.swift in Sources */,
				15CF31D5295E0A130065072C /* ScoreGraphView.swift in Sources */,
				159513A3293A7B6400C5C44B /* StandingsView.swift in Sources */,
				150764AB291289DB00B81516 /* ScoreboardView.swift in Sources */,
				15551B49292D5E3F007A9898 /* GameDetailsView.swift in Sources */,
				150764A9291289DB00B81516 /* Simple_NBAApp.swift in Sources */,
			);
			runOnlyForDeploymentPostprocessing = 0;
		};
		150764B1291289E000B81516 /* Sources */ = {
			isa = PBXSourcesBuildPhase;
			buildActionMask = 2147483647;
			files = (
				150764BA291289E000B81516 /* Simple_NBATests.swift in Sources */,
			);
			runOnlyForDeploymentPostprocessing = 0;
		};
		150764BB291289E000B81516 /* Sources */ = {
			isa = PBXSourcesBuildPhase;
			buildActionMask = 2147483647;
			files = (
				150764C6291289E000B81516 /* Simple_NBAUITestsLaunchTests.swift in Sources */,
				150764C4291289E000B81516 /* Simple_NBAUITests.swift in Sources */,
			);
			runOnlyForDeploymentPostprocessing = 0;
		};
/* End PBXSourcesBuildPhase section */

/* Begin PBXTargetDependency section */
		150764B7291289E000B81516 /* PBXTargetDependency */ = {
			isa = PBXTargetDependency;
			target = 150764A4291289DB00B81516 /* Simple NBA */;
			targetProxy = 150764B6291289E000B81516 /* PBXContainerItemProxy */;
		};
		150764C1291289E000B81516 /* PBXTargetDependency */ = {
			isa = PBXTargetDependency;
			target = 150764A4291289DB00B81516 /* Simple NBA */;
			targetProxy = 150764C0291289E000B81516 /* PBXContainerItemProxy */;
		};
/* End PBXTargetDependency section */

/* Begin XCBuildConfiguration section */
		150764C7291289E000B81516 /* Debug */ = {
			isa = XCBuildConfiguration;
			buildSettings = {
				ALWAYS_SEARCH_USER_PATHS = NO;
				CLANG_ANALYZER_NONNULL = YES;
				CLANG_ANALYZER_NUMBER_OBJECT_CONVERSION = YES_AGGRESSIVE;
				CLANG_CXX_LANGUAGE_STANDARD = "gnu++20";
				CLANG_ENABLE_MODULES = YES;
				CLANG_ENABLE_OBJC_ARC = YES;
				CLANG_ENABLE_OBJC_WEAK = YES;
				CLANG_WARN_BLOCK_CAPTURE_AUTORELEASING = YES;
				CLANG_WARN_BOOL_CONVERSION = YES;
				CLANG_WARN_COMMA = YES;
				CLANG_WARN_CONSTANT_CONVERSION = YES;
				CLANG_WARN_DEPRECATED_OBJC_IMPLEMENTATIONS = YES;
				CLANG_WARN_DIRECT_OBJC_ISA_USAGE = YES_ERROR;
				CLANG_WARN_DOCUMENTATION_COMMENTS = YES;
				CLANG_WARN_EMPTY_BODY = YES;
				CLANG_WARN_ENUM_CONVERSION = YES;
				CLANG_WARN_INFINITE_RECURSION = YES;
				CLANG_WARN_INT_CONVERSION = YES;
				CLANG_WARN_NON_LITERAL_NULL_CONVERSION = YES;
				CLANG_WARN_OBJC_IMPLICIT_RETAIN_SELF = YES;
				CLANG_WARN_OBJC_LITERAL_CONVERSION = YES;
				CLANG_WARN_OBJC_ROOT_CLASS = YES_ERROR;
				CLANG_WARN_QUOTED_INCLUDE_IN_FRAMEWORK_HEADER = YES;
				CLANG_WARN_RANGE_LOOP_ANALYSIS = YES;
				CLANG_WARN_STRICT_PROTOTYPES = YES;
				CLANG_WARN_SUSPICIOUS_MOVE = YES;
				CLANG_WARN_UNGUARDED_AVAILABILITY = YES_AGGRESSIVE;
				CLANG_WARN_UNREACHABLE_CODE = YES;
				CLANG_WARN__DUPLICATE_METHOD_MATCH = YES;
				COPY_PHASE_STRIP = NO;
				DEBUG_INFORMATION_FORMAT = dwarf;
				ENABLE_STRICT_OBJC_MSGSEND = YES;
				ENABLE_TESTABILITY = YES;
				GCC_C_LANGUAGE_STANDARD = gnu11;
				GCC_DYNAMIC_NO_PIC = NO;
				GCC_NO_COMMON_BLOCKS = YES;
				GCC_OPTIMIZATION_LEVEL = 0;
				GCC_PREPROCESSOR_DEFINITIONS = (
					"DEBUG=1",
					"$(inherited)",
				);
				GCC_WARN_64_TO_32_BIT_CONVERSION = YES;
				GCC_WARN_ABOUT_RETURN_TYPE = YES_ERROR;
				GCC_WARN_UNDECLARED_SELECTOR = YES;
				GCC_WARN_UNINITIALIZED_AUTOS = YES_AGGRESSIVE;
				GCC_WARN_UNUSED_FUNCTION = YES;
				GCC_WARN_UNUSED_VARIABLE = YES;
				IPHONEOS_DEPLOYMENT_TARGET = 16.0;
				MTL_ENABLE_DEBUG_INFO = INCLUDE_SOURCE;
				MTL_FAST_MATH = YES;
				ONLY_ACTIVE_ARCH = YES;
				SDKROOT = iphoneos;
				SWIFT_ACTIVE_COMPILATION_CONDITIONS = DEBUG;
				SWIFT_OPTIMIZATION_LEVEL = "-Onone";
			};
			name = Debug;
		};
		150764C8291289E000B81516 /* Release */ = {
			isa = XCBuildConfiguration;
			buildSettings = {
				ALWAYS_SEARCH_USER_PATHS = NO;
				CLANG_ANALYZER_NONNULL = YES;
				CLANG_ANALYZER_NUMBER_OBJECT_CONVERSION = YES_AGGRESSIVE;
				CLANG_CXX_LANGUAGE_STANDARD = "gnu++20";
				CLANG_ENABLE_MODULES = YES;
				CLANG_ENABLE_OBJC_ARC = YES;
				CLANG_ENABLE_OBJC_WEAK = YES;
				CLANG_WARN_BLOCK_CAPTURE_AUTORELEASING = YES;
				CLANG_WARN_BOOL_CONVERSION = YES;
				CLANG_WARN_COMMA = YES;
				CLANG_WARN_CONSTANT_CONVERSION = YES;
				CLANG_WARN_DEPRECATED_OBJC_IMPLEMENTATIONS = YES;
				CLANG_WARN_DIRECT_OBJC_ISA_USAGE = YES_ERROR;
				CLANG_WARN_DOCUMENTATION_COMMENTS = YES;
				CLANG_WARN_EMPTY_BODY = YES;
				CLANG_WARN_ENUM_CONVERSION = YES;
				CLANG_WARN_INFINITE_RECURSION = YES;
				CLANG_WARN_INT_CONVERSION = YES;
				CLANG_WARN_NON_LITERAL_NULL_CONVERSION = YES;
				CLANG_WARN_OBJC_IMPLICIT_RETAIN_SELF = YES;
				CLANG_WARN_OBJC_LITERAL_CONVERSION = YES;
				CLANG_WARN_OBJC_ROOT_CLASS = YES_ERROR;
				CLANG_WARN_QUOTED_INCLUDE_IN_FRAMEWORK_HEADER = YES;
				CLANG_WARN_RANGE_LOOP_ANALYSIS = YES;
				CLANG_WARN_STRICT_PROTOTYPES = YES;
				CLANG_WARN_SUSPICIOUS_MOVE = YES;
				CLANG_WARN_UNGUARDED_AVAILABILITY = YES_AGGRESSIVE;
				CLANG_WARN_UNREACHABLE_CODE = YES;
				CLANG_WARN__DUPLICATE_METHOD_MATCH = YES;
				COPY_PHASE_STRIP = NO;
				DEBUG_INFORMATION_FORMAT = "dwarf-with-dsym";
				ENABLE_NS_ASSERTIONS = NO;
				ENABLE_STRICT_OBJC_MSGSEND = YES;
				GCC_C_LANGUAGE_STANDARD = gnu11;
				GCC_NO_COMMON_BLOCKS = YES;
				GCC_WARN_64_TO_32_BIT_CONVERSION = YES;
				GCC_WARN_ABOUT_RETURN_TYPE = YES_ERROR;
				GCC_WARN_UNDECLARED_SELECTOR = YES;
				GCC_WARN_UNINITIALIZED_AUTOS = YES_AGGRESSIVE;
				GCC_WARN_UNUSED_FUNCTION = YES;
				GCC_WARN_UNUSED_VARIABLE = YES;
				IPHONEOS_DEPLOYMENT_TARGET = 16.0;
				MTL_ENABLE_DEBUG_INFO = NO;
				MTL_FAST_MATH = YES;
				SDKROOT = iphoneos;
				SWIFT_COMPILATION_MODE = wholemodule;
				SWIFT_OPTIMIZATION_LEVEL = "-O";
				VALIDATE_PRODUCT = YES;
			};
			name = Release;
		};
		150764CA291289E000B81516 /* Debug */ = {
			isa = XCBuildConfiguration;
			buildSettings = {
				ASSETCATALOG_COMPILER_APPICON_NAME = AppIcon;
				ASSETCATALOG_COMPILER_GLOBAL_ACCENT_COLOR_NAME = AccentColor;
				"CODE_SIGN_IDENTITY[sdk=iphoneos*]" = "iPhone Developer";
				CODE_SIGN_STYLE = Manual;
				CURRENT_PROJECT_VERSION = 1;
				DEVELOPMENT_ASSET_PATHS = "\"Simple NBA/Preview Content\"";
				DEVELOPMENT_TEAM = "";
				"DEVELOPMENT_TEAM[sdk=iphoneos*]" = NCJNK4ZZ54;
				ENABLE_PREVIEWS = YES;
				GENERATE_INFOPLIST_FILE = YES;
				INFOPLIST_KEY_UIApplicationSceneManifest_Generation = YES;
				INFOPLIST_KEY_UIApplicationSupportsIndirectInputEvents = YES;
				INFOPLIST_KEY_UILaunchScreen_Generation = YES;
				INFOPLIST_KEY_UISupportedInterfaceOrientations_iPad = "UIInterfaceOrientationPortrait UIInterfaceOrientationPortraitUpsideDown UIInterfaceOrientationLandscapeLeft UIInterfaceOrientationLandscapeRight";
				INFOPLIST_KEY_UISupportedInterfaceOrientations_iPhone = "UIInterfaceOrientationPortrait UIInterfaceOrientationLandscapeLeft UIInterfaceOrientationLandscapeRight";
				LD_RUNPATH_SEARCH_PATHS = (
					"$(inherited)",
					"@executable_path/Frameworks",
				);
				MARKETING_VERSION = 1.0;
				PRODUCT_BUNDLE_IDENTIFIER = hfrplus.simplenba;
				PRODUCT_NAME = "$(TARGET_NAME)";
				PROVISIONING_PROFILE_SPECIFIER = "";
				"PROVISIONING_PROFILE_SPECIFIER[sdk=iphoneos*]" = "Hfrplus for ezzz v2";
				SWIFT_EMIT_LOC_STRINGS = YES;
				SWIFT_VERSION = 5.0;
				TARGETED_DEVICE_FAMILY = "1,2";
			};
			name = Debug;
		};
		150764CB291289E000B81516 /* Release */ = {
			isa = XCBuildConfiguration;
			buildSettings = {
				ASSETCATALOG_COMPILER_APPICON_NAME = AppIcon;
				ASSETCATALOG_COMPILER_GLOBAL_ACCENT_COLOR_NAME = AccentColor;
				"CODE_SIGN_IDENTITY[sdk=iphoneos*]" = "iPhone Developer";
				CODE_SIGN_STYLE = Manual;
				CURRENT_PROJECT_VERSION = 1;
				DEVELOPMENT_ASSET_PATHS = "\"Simple NBA/Preview Content\"";
				DEVELOPMENT_TEAM = "";
				"DEVELOPMENT_TEAM[sdk=iphoneos*]" = NCJNK4ZZ54;
				ENABLE_PREVIEWS = YES;
				GENERATE_INFOPLIST_FILE = YES;
				INFOPLIST_KEY_UIApplicationSceneManifest_Generation = YES;
				INFOPLIST_KEY_UIApplicationSupportsIndirectInputEvents = YES;
				INFOPLIST_KEY_UILaunchScreen_Generation = YES;
				INFOPLIST_KEY_UISupportedInterfaceOrientations_iPad = "UIInterfaceOrientationPortrait UIInterfaceOrientationPortraitUpsideDown UIInterfaceOrientationLandscapeLeft UIInterfaceOrientationLandscapeRight";
				INFOPLIST_KEY_UISupportedInterfaceOrientations_iPhone = "UIInterfaceOrientationPortrait UIInterfaceOrientationLandscapeLeft UIInterfaceOrientationLandscapeRight";
				LD_RUNPATH_SEARCH_PATHS = (
					"$(inherited)",
					"@executable_path/Frameworks",
				);
				MARKETING_VERSION = 1.0;
				PRODUCT_BUNDLE_IDENTIFIER = hfrplus.simplenba;
				PRODUCT_NAME = "$(TARGET_NAME)";
				PROVISIONING_PROFILE_SPECIFIER = "";
				"PROVISIONING_PROFILE_SPECIFIER[sdk=iphoneos*]" = "Hfrplus for ezzz v2";
				SWIFT_EMIT_LOC_STRINGS = YES;
				SWIFT_VERSION = 5.0;
				TARGETED_DEVICE_FAMILY = "1,2";
			};
			name = Release;
		};
		150764CD291289E000B81516 /* Debug */ = {
			isa = XCBuildConfiguration;
			buildSettings = {
				ALWAYS_EMBED_SWIFT_STANDARD_LIBRARIES = YES;
				BUNDLE_LOADER = "$(TEST_HOST)";
				CODE_SIGN_STYLE = Automatic;
				CURRENT_PROJECT_VERSION = 1;
				DEVELOPMENT_TEAM = QMG83DG7YP;
				GENERATE_INFOPLIST_FILE = YES;
				IPHONEOS_DEPLOYMENT_TARGET = 16.0;
				MARKETING_VERSION = 1.0;
				PRODUCT_BUNDLE_IDENTIFIER = "com.ezzz.Simple-NBATests";
				PRODUCT_NAME = "$(TARGET_NAME)";
				SWIFT_EMIT_LOC_STRINGS = NO;
				SWIFT_VERSION = 5.0;
				TARGETED_DEVICE_FAMILY = "1,2";
				TEST_HOST = "$(BUILT_PRODUCTS_DIR)/Simple NBA.app/$(BUNDLE_EXECUTABLE_FOLDER_PATH)/Simple NBA";
			};
			name = Debug;
		};
		150764CE291289E000B81516 /* Release */ = {
			isa = XCBuildConfiguration;
			buildSettings = {
				ALWAYS_EMBED_SWIFT_STANDARD_LIBRARIES = YES;
				BUNDLE_LOADER = "$(TEST_HOST)";
				CODE_SIGN_IDENTITY = "Apple Development";
				"CODE_SIGN_IDENTITY[sdk=iphoneos*]" = "iPhone Developer";
				CODE_SIGN_STYLE = Manual;
				CURRENT_PROJECT_VERSION = 1;
				DEVELOPMENT_TEAM = "";
				"DEVELOPMENT_TEAM[sdk=iphoneos*]" = NCJNK4ZZ54;
				GENERATE_INFOPLIST_FILE = YES;
				IPHONEOS_DEPLOYMENT_TARGET = 16.0;
				MARKETING_VERSION = 1.0;
				PRODUCT_BUNDLE_IDENTIFIER = hfrplus.simplenba;
				PRODUCT_NAME = "$(TARGET_NAME)";
				PROVISIONING_PROFILE_SPECIFIER = "";
				"PROVISIONING_PROFILE_SPECIFIER[sdk=iphoneos*]" = "Hfrplus for ezzz v2";
				SWIFT_EMIT_LOC_STRINGS = NO;
				SWIFT_VERSION = 5.0;
				TARGETED_DEVICE_FAMILY = "1,2";
				TEST_HOST = "$(BUILT_PRODUCTS_DIR)/Simple NBA.app/$(BUNDLE_EXECUTABLE_FOLDER_PATH)/Simple NBA";
			};
			name = Release;
		};
		150764D0291289E000B81516 /* Debug */ = {
			isa = XCBuildConfiguration;
			buildSettings = {
				ALWAYS_EMBED_SWIFT_STANDARD_LIBRARIES = YES;
				CODE_SIGN_STYLE = Automatic;
				CURRENT_PROJECT_VERSION = 1;
				DEVELOPMENT_TEAM = QMG83DG7YP;
				GENERATE_INFOPLIST_FILE = YES;
				MARKETING_VERSION = 1.0;
				PRODUCT_BUNDLE_IDENTIFIER = "com.ezzz.Simple-NBAUITests";
				PRODUCT_NAME = "$(TARGET_NAME)";
				SWIFT_EMIT_LOC_STRINGS = NO;
				SWIFT_VERSION = 5.0;
				TARGETED_DEVICE_FAMILY = "1,2";
				TEST_TARGET_NAME = "Simple NBA";
			};
			name = Debug;
		};
		150764D1291289E000B81516 /* Release */ = {
			isa = XCBuildConfiguration;
			buildSettings = {
				ALWAYS_EMBED_SWIFT_STANDARD_LIBRARIES = YES;
				CODE_SIGN_STYLE = Automatic;
				CURRENT_PROJECT_VERSION = 1;
				DEVELOPMENT_TEAM = QMG83DG7YP;
				GENERATE_INFOPLIST_FILE = YES;
				MARKETING_VERSION = 1.0;
				PRODUCT_BUNDLE_IDENTIFIER = "com.ezzz.Simple-NBAUITests";
				PRODUCT_NAME = "$(TARGET_NAME)";
				SWIFT_EMIT_LOC_STRINGS = NO;
				SWIFT_VERSION = 5.0;
				TARGETED_DEVICE_FAMILY = "1,2";
				TEST_TARGET_NAME = "Simple NBA";
			};
			name = Release;
		};
/* End XCBuildConfiguration section */

/* Begin XCConfigurationList section */
		150764A0291289DA00B81516 /* Build configuration list for PBXProject "Simple NBA" */ = {
			isa = XCConfigurationList;
			buildConfigurations = (
				150764C7291289E000B81516 /* Debug */,
				150764C8291289E000B81516 /* Release */,
			);
			defaultConfigurationIsVisible = 0;
			defaultConfigurationName = Release;
		};
		150764C9291289E000B81516 /* Build configuration list for PBXNativeTarget "Simple NBA" */ = {
			isa = XCConfigurationList;
			buildConfigurations = (
				150764CA291289E000B81516 /* Debug */,
				150764CB291289E000B81516 /* Release */,
			);
			defaultConfigurationIsVisible = 0;
			defaultConfigurationName = Release;
		};
		150764CC291289E000B81516 /* Build configuration list for PBXNativeTarget "Simple NBATests" */ = {
			isa = XCConfigurationList;
			buildConfigurations = (
				150764CD291289E000B81516 /* Debug */,
				150764CE291289E000B81516 /* Release */,
			);
			defaultConfigurationIsVisible = 0;
			defaultConfigurationName = Release;
		};
		150764CF291289E000B81516 /* Build configuration list for PBXNativeTarget "Simple NBAUITests" */ = {
			isa = XCConfigurationList;
			buildConfigurations = (
				150764D0291289E000B81516 /* Debug */,
				150764D1291289E000B81516 /* Release */,
			);
			defaultConfigurationIsVisible = 0;
			defaultConfigurationName = Release;
		};
/* End XCConfigurationList section */

/* Begin XCRemoteSwiftPackageReference section */
		157E512829321671007BD3B9 /* XCRemoteSwiftPackageReference "SwiftUIPager" */ = {
			isa = XCRemoteSwiftPackageReference;
			repositoryURL = "https://github.com/fermoya/SwiftUIPager.git";
			requirement = {
				kind = upToNextMajorVersion;
				minimumVersion = 2.0.0;
			};
		};
/* End XCRemoteSwiftPackageReference section */

/* Begin XCSwiftPackageProductDependency section */
		157E512929321671007BD3B9 /* SwiftUIPager */ = {
			isa = XCSwiftPackageProductDependency;
			package = 157E512829321671007BD3B9 /* XCRemoteSwiftPackageReference "SwiftUIPager" */;
			productName = SwiftUIPager;
		};
/* End XCSwiftPackageProductDependency section */
	};
	rootObject = 1507649D291289DA00B81516 /* Project object */;
}
